
Microsoft Visual Studio Solution File, Format Version 12.00
# Visual Studio 15
VisualStudioVersion = 15.0.27703.2035
MinimumVisualStudioVersion = 10.0.40219.1
Project("{FAE04EC0-301F-11D3-BF4B-00C04F79EFBC}") = "Pat.Ui", "Pat.Ui\Pat.Ui.csproj", "{DE992090-80C1-4A82-9400-041203397353}"
	ProjectSection(ProjectDependencies) = postProject
		{9FDE4F29-770E-4245-9388-FAC79FDB7DFE} = {9FDE4F29-770E-4245-9388-FAC79FDB7DFE}
		{1C05C435-E0F3-464E-A890-BC6D21458E28} = {1C05C435-E0F3-464E-A890-BC6D21458E28}
		{63794F77-B411-4300-AEA7-39537C4A1A41} = {63794F77-B411-4300-AEA7-39537C4A1A41}
		{EAED6CB8-3090-4987-BDC1-D4025ED79CC0} = {EAED6CB8-3090-4987-BDC1-D4025ED79CC0}
		{7CC2C8C6-BAF3-475C-BD20-802387E4E926} = {7CC2C8C6-BAF3-475C-BD20-802387E4E926}
		{BCBFB1D5-CDB9-4D6B-8121-831BD87CA46E} = {BCBFB1D5-CDB9-4D6B-8121-831BD87CA46E}
		{5A18EBE2-EB5D-4787-9CC7-5BE3DF201562} = {5A18EBE2-EB5D-4787-9CC7-5BE3DF201562}
		{738F50FE-3F54-4B8E-8CCA-EA2B37C7B900} = {738F50FE-3F54-4B8E-8CCA-EA2B37C7B900}
	EndProjectSection
EndProject
Project("{FAE04EC0-301F-11D3-BF4B-00C04F79EFBC}") = "Pat.Api", "Pat.Api\Pat.Api.csproj", "{C8A4BF7E-B6E2-45A0-A61D-10F577F0E86B}"
EndProject
Project("{FAE04EC0-301F-11D3-BF4B-00C04F79EFBC}") = "Pat.DataSource.Csv", "Pat.DataSource.Csv\Pat.DataSource.Csv.csproj", "{7CC2C8C6-BAF3-475C-BD20-802387E4E926}"
EndProject
Project("{FAE04EC0-301F-11D3-BF4B-00C04F79EFBC}") = "Pat.Tests", "Pat.Tests\Pat.Tests.csproj", "{4C2180AE-EBB1-4B6A-801E-82EA64AF9EDC}"
EndProject
Project("{FAE04EC0-301F-11D3-BF4B-00C04F79EFBC}") = "Pat.Dimension.Feet", "Pat.Dimension.Feet\Pat.Dimension.Feet.csproj", "{63794F77-B411-4300-AEA7-39537C4A1A41}"
EndProject
Project("{FAE04EC0-301F-11D3-BF4B-00C04F79EFBC}") = "Pat.Dimensions.Meters", "Pat.Dimensions.Meters\Pat.Dimensions.Meters.csproj", "{EAED6CB8-3090-4987-BDC1-D4025ED79CC0}"
EndProject
Project("{FAE04EC0-301F-11D3-BF4B-00C04F79EFBC}") = "Pat.BusinessLogic", "Pat.BusinessLogic\Pat.BusinessLogic.csproj", "{A8861B66-6EE1-4BA0-87D8-41BA57F74DCE}"
EndProject
Project("{2150E333-8FDC-42A3-9474-1A3956D46DE8}") = "Modules", "Modules", "{38071310-8337-4746-8B8C-3E2081FFA02B}"
EndProject
Project("{FAE04EC0-301F-11D3-BF4B-00C04F79EFBC}") = "Pat.SourceModifier.Mover", "Pat.SourceModifier.Mover\Pat.SourceModifier.Mover.csproj", "{5A18EBE2-EB5D-4787-9CC7-5BE3DF201562}"
EndProject
Project("{FAE04EC0-301F-11D3-BF4B-00C04F79EFBC}") = "Pat.Triangulation.Default", "Pat.Triangulation.Default\Pat.Triangulation.Default.csproj", "{9FDE4F29-770E-4245-9388-FAC79FDB7DFE}"
EndProject
Project("{FAE04EC0-301F-11D3-BF4B-00C04F79EFBC}") = "Pat.TriangulationModifier.Mover", "Pat.TriangulationModifier.Mover\Pat.TriangulationModifier.Mover.csproj", "{1C05C435-E0F3-464E-A890-BC6D21458E28}"
EndProject
Project("{FAE04EC0-301F-11D3-BF4B-00C04F79EFBC}") = "Pat.TriangulationModifier.Cut", "Pat.TriangulationModifier.Cut\Pat.TriangulationModifier.Cut.csproj", "{BCBFB1D5-CDB9-4D6B-8121-831BD87CA46E}"
EndProject
Project("{FAE04EC0-301F-11D3-BF4B-00C04F79EFBC}") = "Pat.Api.Ui", "Pat.Api.UI\Pat.Api.Ui.csproj", "{8FA3EF08-97D3-460F-8870-D86132D44801}"
EndProject
Project("{FAE04EC0-301F-11D3-BF4B-00C04F79EFBC}") = "Pat.Dimension.Barrels", "Pat.Dimension.Barrels\Pat.Dimension.Barrels.csproj", "{738F50FE-3F54-4B8E-8CCA-EA2B37C7B900}"
EndProject
Global
	GlobalSection(SolutionConfigurationPlatforms) = preSolution
		Debug|Any CPU = Debug|Any CPU
		Release|Any CPU = Release|Any CPU
	EndGlobalSection
	GlobalSection(ProjectConfigurationPlatforms) = postSolution
		{DE992090-80C1-4A82-9400-041203397353}.Debug|Any CPU.ActiveCfg = Debug|Any CPU
		{DE992090-80C1-4A82-9400-041203397353}.Debug|Any CPU.Build.0 = Debug|Any CPU
		{DE992090-80C1-4A82-9400-041203397353}.Release|Any CPU.ActiveCfg = Release|Any CPU
		{DE992090-80C1-4A82-9400-041203397353}.Release|Any CPU.Build.0 = Release|Any CPU
		{C8A4BF7E-B6E2-45A0-A61D-10F577F0E86B}.Debug|Any CPU.ActiveCfg = Debug|Any CPU
		{C8A4BF7E-B6E2-45A0-A61D-10F577F0E86B}.Debug|Any CPU.Build.0 = Debug|Any CPU
		{C8A4BF7E-B6E2-45A0-A61D-10F577F0E86B}.Release|Any CPU.ActiveCfg = Release|Any CPU
		{C8A4BF7E-B6E2-45A0-A61D-10F577F0E86B}.Release|Any CPU.Build.0 = Release|Any CPU
		{7CC2C8C6-BAF3-475C-BD20-802387E4E926}.Debug|Any CPU.ActiveCfg = Debug|Any CPU
		{7CC2C8C6-BAF3-475C-BD20-802387E4E926}.Debug|Any CPU.Build.0 = Debug|Any CPU
		{7CC2C8C6-BAF3-475C-BD20-802387E4E926}.Release|Any CPU.ActiveCfg = Release|Any CPU
		{7CC2C8C6-BAF3-475C-BD20-802387E4E926}.Release|Any CPU.Build.0 = Release|Any CPU
		{4C2180AE-EBB1-4B6A-801E-82EA64AF9EDC}.Debug|Any CPU.ActiveCfg = Debug|Any CPU
		{4C2180AE-EBB1-4B6A-801E-82EA64AF9EDC}.Debug|Any CPU.Build.0 = Debug|Any CPU
		{4C2180AE-EBB1-4B6A-801E-82EA64AF9EDC}.Release|Any CPU.ActiveCfg = Release|Any CPU
		{4C2180AE-EBB1-4B6A-801E-82EA64AF9EDC}.Release|Any CPU.Build.0 = Release|Any CPU
		{63794F77-B411-4300-AEA7-39537C4A1A41}.Debug|Any CPU.ActiveCfg = Debug|Any CPU
		{63794F77-B411-4300-AEA7-39537C4A1A41}.Debug|Any CPU.Build.0 = Debug|Any CPU
		{63794F77-B411-4300-AEA7-39537C4A1A41}.Release|Any CPU.ActiveCfg = Release|Any CPU
		{63794F77-B411-4300-AEA7-39537C4A1A41}.Release|Any CPU.Build.0 = Release|Any CPU
		{EAED6CB8-3090-4987-BDC1-D4025ED79CC0}.Debug|Any CPU.ActiveCfg = Debug|Any CPU
		{EAED6CB8-3090-4987-BDC1-D4025ED79CC0}.Debug|Any CPU.Build.0 = Debug|Any CPU
		{EAED6CB8-3090-4987-BDC1-D4025ED79CC0}.Release|Any CPU.ActiveCfg = Release|Any CPU
		{EAED6CB8-3090-4987-BDC1-D4025ED79CC0}.Release|Any CPU.Build.0 = Release|Any CPU
		{A8861B66-6EE1-4BA0-87D8-41BA57F74DCE}.Debug|Any CPU.ActiveCfg = Debug|Any CPU
		{A8861B66-6EE1-4BA0-87D8-41BA57F74DCE}.Debug|Any CPU.Build.0 = Debug|Any CPU
		{A8861B66-6EE1-4BA0-87D8-41BA57F74DCE}.Release|Any CPU.ActiveCfg = Release|Any CPU
		{A8861B66-6EE1-4BA0-87D8-41BA57F74DCE}.Release|Any CPU.Build.0 = Release|Any CPU
		{5A18EBE2-EB5D-4787-9CC7-5BE3DF201562}.Debug|Any CPU.ActiveCfg = Debug|Any CPU
		{5A18EBE2-EB5D-4787-9CC7-5BE3DF201562}.Debug|Any CPU.Build.0 = Debug|Any CPU
		{5A18EBE2-EB5D-4787-9CC7-5BE3DF201562}.Release|Any CPU.ActiveCfg = Release|Any CPU
		{5A18EBE2-EB5D-4787-9CC7-5BE3DF201562}.Release|Any CPU.Build.0 = Release|Any CPU
		{9FDE4F29-770E-4245-9388-FAC79FDB7DFE}.Debug|Any CPU.ActiveCfg = Debug|Any CPU
		{9FDE4F29-770E-4245-9388-FAC79FDB7DFE}.Debug|Any CPU.Build.0 = Debug|Any CPU
		{9FDE4F29-770E-4245-9388-FAC79FDB7DFE}.Release|Any CPU.ActiveCfg = Release|Any CPU
		{9FDE4F29-770E-4245-9388-FAC79FDB7DFE}.Release|Any CPU.Build.0 = Release|Any CPU
		{1C05C435-E0F3-464E-A890-BC6D21458E28}.Debug|Any CPU.ActiveCfg = Debug|Any CPU
		{1C05C435-E0F3-464E-A890-BC6D21458E28}.Debug|Any CPU.Build.0 = Debug|Any CPU
		{1C05C435-E0F3-464E-A890-BC6D21458E28}.Release|Any CPU.ActiveCfg = Release|Any CPU
		{1C05C435-E0F3-464E-A890-BC6D21458E28}.Release|Any CPU.Build.0 = Release|Any CPU
		{BCBFB1D5-CDB9-4D6B-8121-831BD87CA46E}.Debug|Any CPU.ActiveCfg = Debug|Any CPU
		{BCBFB1D5-CDB9-4D6B-8121-831BD87CA46E}.Debug|Any CPU.Build.0 = Debug|Any CPU
		{BCBFB1D5-CDB9-4D6B-8121-831BD87CA46E}.Release|Any CPU.ActiveCfg = Release|Any CPU
		{BCBFB1D5-CDB9-4D6B-8121-831BD87CA46E}.Release|Any CPU.Build.0 = Release|Any CPU
		{8FA3EF08-97D3-460F-8870-D86132D44801}.Debug|Any CPU.ActiveCfg = Debug|Any CPU
		{8FA3EF08-97D3-460F-8870-D86132D44801}.Debug|Any CPU.Build.0 = Debug|Any CPU
		{8FA3EF08-97D3-460F-8870-D86132D44801}.Release|Any CPU.ActiveCfg = Release|Any CPU
		{8FA3EF08-97D3-460F-8870-D86132D44801}.Release|Any CPU.Build.0 = Release|Any CPU
		{738F50FE-3F54-4B8E-8CCA-EA2B37C7B900}.Debug|Any CPU.ActiveCfg = Debug|Any CPU
		{738F50FE-3F54-4B8E-8CCA-EA2B37C7B900}.Debug|Any CPU.Build.0 = Debug|Any CPU
		{738F50FE-3F54-4B8E-8CCA-EA2B37C7B900}.Release|Any CPU.ActiveCfg = Release|Any CPU
		{738F50FE-3F54-4B8E-8CCA-EA2B37C7B900}.Release|Any CPU.Build.0 = Release|Any CPU
	EndGlobalSection
	GlobalSection(SolutionProperties) = preSolution
		HideSolutionNode = FALSE
	EndGlobalSection
	GlobalSection(NestedProjects) = preSolution
		{7CC2C8C6-BAF3-475C-BD20-802387E4E926} = {38071310-8337-4746-8B8C-3E2081FFA02B}
		{63794F77-B411-4300-AEA7-39537C4A1A41} = {38071310-8337-4746-8B8C-3E2081FFA02B}
		{EAED6CB8-3090-4987-BDC1-D4025ED79CC0} = {38071310-8337-4746-8B8C-3E2081FFA02B}
		{5A18EBE2-EB5D-4787-9CC7-5BE3DF201562} = {38071310-8337-4746-8B8C-3E2081FFA02B}
		{9FDE4F29-770E-4245-9388-FAC79FDB7DFE} = {38071310-8337-4746-8B8C-3E2081FFA02B}
		{1C05C435-E0F3-464E-A890-BC6D21458E28} = {38071310-8337-4746-8B8C-3E2081FFA02B}
		{BCBFB1D5-CDB9-4D6B-8121-831BD87CA46E} = {38071310-8337-4746-8B8C-3E2081FFA02B}
		{738F50FE-3F54-4B8E-8CCA-EA2B37C7B900} = {38071310-8337-4746-8B8C-3E2081FFA02B}
	EndGlobalSection
	GlobalSection(ExtensibilityGlobals) = postSolution
		SolutionGuid = {8FB98D18-4985-4181-870D-083172B9D53C}
	EndGlobalSection
EndGlobal
